{
    "_meta": {
        "hash": {
            "sha256": "710a939dac7d2c15e17f056850236e15e0f7a2b8936805530f97ae08815d9e36"
        },
        "pipfile-spec": 6,
        "requires": {},
        "sources": [
            {
                "name": "pypi",
                "url": "https://pypi.python.org/simple",
                "verify_ssl": true
            }
        ]
    },
    "default": {
        "aiosmtpd": {
            "hashes": [
                "sha256:8ab8cd2bb2459f8eb04b835bf1f0dbb8fe590140080b2b3b7793a0992270a557"
            ],
            "index": "pypi",
            "markers": "python_version >= '3.5'",
            "version": "==1.1"
        },
        "atpublic": {
            "hashes": [
                "sha256:7dca670499e9a9d3aae5a8914bc799475fe24be3bcd29c8129642dda665f7a44"
            ],
            "version": "==1.0"
        }
    },
    "develop": {}
}
